
Microsoft Visual Studio Solution File, Format Version 12.00
# Visual Studio Version 17
VisualStudioVersion = 17.3.32901.215
MinimumVisualStudioVersion = 10.0.40219.1
Project("{8BC9CEB8-8B4A-11D0-8D11-00A0C91BC942}") = "ServerT", "ServerT\ServerT.vcxproj", "{C001B262-FC2A-46A1-A71F-433737D9FD2D}"
EndProject
Project("{8BC9CEB8-8B4A-11D0-8D11-00A0C91BC942}") = "ClientT", "ClientT\ClientT.vcxproj", "{656AFE0B-3FE6-4E2D-BF93-C990DCE44F20}"
EndProject
Project("{8BC9CEB8-8B4A-11D0-8D11-00A0C91BC942}") = "ServerU", "ServerU\ServerU.vcxproj", "{E6D5B740-BE21-4BB6-9BDB-62D918219F6A}"
EndProject
Project("{8BC9CEB8-8B4A-11D0-8D11-00A0C91BC942}") = "ClientU", "ClientU\ClientU.vcxproj", "{51828140-3DBA-47B3-8F9D-B58ED167515B}"
EndProject
Project("{8BC9CEB8-8B4A-11D0-8D11-00A0C91BC942}") = "ServerB", "ServerB\ServerB.vcxproj", "{4B83ECFD-0B91-4D57-8F91-8668B615C5E1}"
EndProject
Project("{8BC9CEB8-8B4A-11D0-8D11-00A0C91BC942}") = "ClientB", "ClientB\ClientB.vcxproj", "{275173CA-FF4C-4327-924F-CCBB9DEFA7E7}"
EndProject
Project("{8BC9CEB8-8B4A-11D0-8D11-00A0C91BC942}") = "ClientS", "ClientS\ClientS.vcxproj", "{0EB3BCE4-1134-4542-A011-5DCD35EE90AD}"
EndProject
Project("{8BC9CEB8-8B4A-11D0-8D11-00A0C91BC942}") = "ServerS", "ServerS\ServerS.vcxproj", "{A644399B-BA93-41A5-A65D-1A2201A0BB9F}"
EndProject
Project("{8BC9CEB8-8B4A-11D0-8D11-00A0C91BC942}") = "ServerNP", "ServerNP\ServerNP.vcxproj", "{53FD74F9-98BE-4417-9538-75A6A034B895}"
EndProject
Project("{8BC9CEB8-8B4A-11D0-8D11-00A0C91BC942}") = "ClientNP", "ClientNP\ClientNP.vcxproj", "{D5242343-4DBA-4C7A-9A56-8B4EAAB43BC6}"
EndProject
Project("{8BC9CEB8-8B4A-11D0-8D11-00A0C91BC942}") = "ClientNPt", "ClientNPt\ClientNPt.vcxproj", "{9B2F0CC0-3CDF-4909-BFFE-4D7B2513BB8A}"
EndProject
Project("{8BC9CEB8-8B4A-11D0-8D11-00A0C91BC942}") = "ClientNPct", "ClientNPct\ClientNPct.vcxproj", "{05EBFFBD-0374-48AD-8348-32ED9C1FF0B0}"
EndProject
Project("{8BC9CEB8-8B4A-11D0-8D11-00A0C91BC942}") = "ServerMS", "ServerMS\ServerMS.vcxproj", "{2137793E-1410-4CAE-897B-0B758C383569}"
EndProject
Project("{8BC9CEB8-8B4A-11D0-8D11-00A0C91BC942}") = "ClientMS", "ClientMS\ClientMS.vcxproj", "{1606DC75-4343-4CEE-A332-D0F31C8D9921}"
EndProject
Global
	GlobalSection(SolutionConfigurationPlatforms) = preSolution
		Debug|Any CPU = Debug|Any CPU
		Debug|x64 = Debug|x64
		Debug|x86 = Debug|x86
		Release|Any CPU = Release|Any CPU
		Release|x64 = Release|x64
		Release|x86 = Release|x86
	EndGlobalSection
	GlobalSection(ProjectConfigurationPlatforms) = postSolution
		{C001B262-FC2A-46A1-A71F-433737D9FD2D}.Debug|Any CPU.ActiveCfg = Debug|x64
		{C001B262-FC2A-46A1-A71F-433737D9FD2D}.Debug|Any CPU.Build.0 = Debug|x64
		{C001B262-FC2A-46A1-A71F-433737D9FD2D}.Debug|x64.ActiveCfg = Debug|x64
		{C001B262-FC2A-46A1-A71F-433737D9FD2D}.Debug|x64.Build.0 = Debug|x64
		{C001B262-FC2A-46A1-A71F-433737D9FD2D}.Debug|x86.ActiveCfg = Debug|Win32
		{C001B262-FC2A-46A1-A71F-433737D9FD2D}.Debug|x86.Build.0 = Debug|Win32
		{C001B262-FC2A-46A1-A71F-433737D9FD2D}.Release|Any CPU.ActiveCfg = Release|x64
		{C001B262-FC2A-46A1-A71F-433737D9FD2D}.Release|Any CPU.Build.0 = Release|x64
		{C001B262-FC2A-46A1-A71F-433737D9FD2D}.Release|x64.ActiveCfg = Release|x64
		{C001B262-FC2A-46A1-A71F-433737D9FD2D}.Release|x64.Build.0 = Release|x64
		{C001B262-FC2A-46A1-A71F-433737D9FD2D}.Release|x86.ActiveCfg = Release|Win32
		{C001B262-FC2A-46A1-A71F-433737D9FD2D}.Release|x86.Build.0 = Release|Win32
		{656AFE0B-3FE6-4E2D-BF93-C990DCE44F20}.Debug|Any CPU.ActiveCfg = Debug|x64
		{656AFE0B-3FE6-4E2D-BF93-C990DCE44F20}.Debug|Any CPU.Build.0 = Debug|x64
		{656AFE0B-3FE6-4E2D-BF93-C990DCE44F20}.Debug|x64.ActiveCfg = Debug|x64
		{656AFE0B-3FE6-4E2D-BF93-C990DCE44F20}.Debug|x64.Build.0 = Debug|x64
		{656AFE0B-3FE6-4E2D-BF93-C990DCE44F20}.Debug|x86.ActiveCfg = Debug|Win32
		{656AFE0B-3FE6-4E2D-BF93-C990DCE44F20}.Debug|x86.Build.0 = Debug|Win32
		{656AFE0B-3FE6-4E2D-BF93-C990DCE44F20}.Release|Any CPU.ActiveCfg = Release|x64
		{656AFE0B-3FE6-4E2D-BF93-C990DCE44F20}.Release|Any CPU.Build.0 = Release|x64
		{656AFE0B-3FE6-4E2D-BF93-C990DCE44F20}.Release|x64.ActiveCfg = Release|x64
		{656AFE0B-3FE6-4E2D-BF93-C990DCE44F20}.Release|x64.Build.0 = Release|x64
		{656AFE0B-3FE6-4E2D-BF93-C990DCE44F20}.Release|x86.ActiveCfg = Release|Win32
		{656AFE0B-3FE6-4E2D-BF93-C990DCE44F20}.Release|x86.Build.0 = Release|Win32
		{E6D5B740-BE21-4BB6-9BDB-62D918219F6A}.Debug|Any CPU.ActiveCfg = Debug|x64
		{E6D5B740-BE21-4BB6-9BDB-62D918219F6A}.Debug|Any CPU.Build.0 = Debug|x64
		{E6D5B740-BE21-4BB6-9BDB-62D918219F6A}.Debug|x64.ActiveCfg = Debug|x64
		{E6D5B740-BE21-4BB6-9BDB-62D918219F6A}.Debug|x64.Build.0 = Debug|x64
		{E6D5B740-BE21-4BB6-9BDB-62D918219F6A}.Debug|x86.ActiveCfg = Debug|Win32
		{E6D5B740-BE21-4BB6-9BDB-62D918219F6A}.Debug|x86.Build.0 = Debug|Win32
		{E6D5B740-BE21-4BB6-9BDB-62D918219F6A}.Release|Any CPU.ActiveCfg = Release|x64
		{E6D5B740-BE21-4BB6-9BDB-62D918219F6A}.Release|Any CPU.Build.0 = Release|x64
		{E6D5B740-BE21-4BB6-9BDB-62D918219F6A}.Release|x64.ActiveCfg = Release|x64
		{E6D5B740-BE21-4BB6-9BDB-62D918219F6A}.Release|x64.Build.0 = Release|x64
		{E6D5B740-BE21-4BB6-9BDB-62D918219F6A}.Release|x86.ActiveCfg = Release|Win32
		{E6D5B740-BE21-4BB6-9BDB-62D918219F6A}.Release|x86.Build.0 = Release|Win32
		{51828140-3DBA-47B3-8F9D-B58ED167515B}.Debug|Any CPU.ActiveCfg = Debug|x64
		{51828140-3DBA-47B3-8F9D-B58ED167515B}.Debug|Any CPU.Build.0 = Debug|x64
		{51828140-3DBA-47B3-8F9D-B58ED167515B}.Debug|x64.ActiveCfg = Debug|x64
		{51828140-3DBA-47B3-8F9D-B58ED167515B}.Debug|x64.Build.0 = Debug|x64
		{51828140-3DBA-47B3-8F9D-B58ED167515B}.Debug|x86.ActiveCfg = Debug|Win32
		{51828140-3DBA-47B3-8F9D-B58ED167515B}.Debug|x86.Build.0 = Debug|Win32
		{51828140-3DBA-47B3-8F9D-B58ED167515B}.Release|Any CPU.ActiveCfg = Release|x64
		{51828140-3DBA-47B3-8F9D-B58ED167515B}.Release|Any CPU.Build.0 = Release|x64
		{51828140-3DBA-47B3-8F9D-B58ED167515B}.Release|x64.ActiveCfg = Release|x64
		{51828140-3DBA-47B3-8F9D-B58ED167515B}.Release|x64.Build.0 = Release|x64
		{51828140-3DBA-47B3-8F9D-B58ED167515B}.Release|x86.ActiveCfg = Release|Win32
		{51828140-3DBA-47B3-8F9D-B58ED167515B}.Release|x86.Build.0 = Release|Win32
		{4B83ECFD-0B91-4D57-8F91-8668B615C5E1}.Debug|Any CPU.ActiveCfg = Debug|x64
		{4B83ECFD-0B91-4D57-8F91-8668B615C5E1}.Debug|Any CPU.Build.0 = Debug|x64
		{4B83ECFD-0B91-4D57-8F91-8668B615C5E1}.Debug|x64.ActiveCfg = Debug|x64
		{4B83ECFD-0B91-4D57-8F91-8668B615C5E1}.Debug|x64.Build.0 = Debug|x64
		{4B83ECFD-0B91-4D57-8F91-8668B615C5E1}.Debug|x86.ActiveCfg = Debug|Win32
		{4B83ECFD-0B91-4D57-8F91-8668B615C5E1}.Debug|x86.Build.0 = Debug|Win32
		{4B83ECFD-0B91-4D57-8F91-8668B615C5E1}.Release|Any CPU.ActiveCfg = Release|x64
		{4B83ECFD-0B91-4D57-8F91-8668B615C5E1}.Release|Any CPU.Build.0 = Release|x64
		{4B83ECFD-0B91-4D57-8F91-8668B615C5E1}.Release|x64.ActiveCfg = Release|x64
		{4B83ECFD-0B91-4D57-8F91-8668B615C5E1}.Release|x64.Build.0 = Release|x64
		{4B83ECFD-0B91-4D57-8F91-8668B615C5E1}.Release|x86.ActiveCfg = Release|Win32
		{4B83ECFD-0B91-4D57-8F91-8668B615C5E1}.Release|x86.Build.0 = Release|Win32
		{275173CA-FF4C-4327-924F-CCBB9DEFA7E7}.Debug|Any CPU.ActiveCfg = Debug|x64
		{275173CA-FF4C-4327-924F-CCBB9DEFA7E7}.Debug|Any CPU.Build.0 = Debug|x64
		{275173CA-FF4C-4327-924F-CCBB9DEFA7E7}.Debug|x64.ActiveCfg = Debug|x64
		{275173CA-FF4C-4327-924F-CCBB9DEFA7E7}.Debug|x64.Build.0 = Debug|x64
		{275173CA-FF4C-4327-924F-CCBB9DEFA7E7}.Debug|x86.ActiveCfg = Debug|Win32
		{275173CA-FF4C-4327-924F-CCBB9DEFA7E7}.Debug|x86.Build.0 = Debug|Win32
		{275173CA-FF4C-4327-924F-CCBB9DEFA7E7}.Release|Any CPU.ActiveCfg = Release|x64
		{275173CA-FF4C-4327-924F-CCBB9DEFA7E7}.Release|Any CPU.Build.0 = Release|x64
		{275173CA-FF4C-4327-924F-CCBB9DEFA7E7}.Release|x64.ActiveCfg = Release|x64
		{275173CA-FF4C-4327-924F-CCBB9DEFA7E7}.Release|x64.Build.0 = Release|x64
		{275173CA-FF4C-4327-924F-CCBB9DEFA7E7}.Release|x86.ActiveCfg = Release|Win32
		{275173CA-FF4C-4327-924F-CCBB9DEFA7E7}.Release|x86.Build.0 = Release|Win32
		{0EB3BCE4-1134-4542-A011-5DCD35EE90AD}.Debug|Any CPU.ActiveCfg = Debug|x64
		{0EB3BCE4-1134-4542-A011-5DCD35EE90AD}.Debug|Any CPU.Build.0 = Debug|x64
		{0EB3BCE4-1134-4542-A011-5DCD35EE90AD}.Debug|x64.ActiveCfg = Debug|x64
		{0EB3BCE4-1134-4542-A011-5DCD35EE90AD}.Debug|x64.Build.0 = Debug|x64
		{0EB3BCE4-1134-4542-A011-5DCD35EE90AD}.Debug|x86.ActiveCfg = Debug|Win32
		{0EB3BCE4-1134-4542-A011-5DCD35EE90AD}.Debug|x86.Build.0 = Debug|Win32
		{0EB3BCE4-1134-4542-A011-5DCD35EE90AD}.Release|Any CPU.ActiveCfg = Release|x64
		{0EB3BCE4-1134-4542-A011-5DCD35EE90AD}.Release|Any CPU.Build.0 = Release|x64
		{0EB3BCE4-1134-4542-A011-5DCD35EE90AD}.Release|x64.ActiveCfg = Release|x64
		{0EB3BCE4-1134-4542-A011-5DCD35EE90AD}.Release|x64.Build.0 = Release|x64
		{0EB3BCE4-1134-4542-A011-5DCD35EE90AD}.Release|x86.ActiveCfg = Release|Win32
		{0EB3BCE4-1134-4542-A011-5DCD35EE90AD}.Release|x86.Build.0 = Release|Win32
		{A644399B-BA93-41A5-A65D-1A2201A0BB9F}.Debug|Any CPU.ActiveCfg = Debug|x64
		{A644399B-BA93-41A5-A65D-1A2201A0BB9F}.Debug|Any CPU.Build.0 = Debug|x64
		{A644399B-BA93-41A5-A65D-1A2201A0BB9F}.Debug|x64.ActiveCfg = Debug|x64
		{A644399B-BA93-41A5-A65D-1A2201A0BB9F}.Debug|x64.Build.0 = Debug|x64
		{A644399B-BA93-41A5-A65D-1A2201A0BB9F}.Debug|x86.ActiveCfg = Debug|Win32
		{A644399B-BA93-41A5-A65D-1A2201A0BB9F}.Debug|x86.Build.0 = Debug|Win32
		{A644399B-BA93-41A5-A65D-1A2201A0BB9F}.Release|Any CPU.ActiveCfg = Release|x64
		{A644399B-BA93-41A5-A65D-1A2201A0BB9F}.Release|Any CPU.Build.0 = Release|x64
		{A644399B-BA93-41A5-A65D-1A2201A0BB9F}.Release|x64.ActiveCfg = Release|x64
		{A644399B-BA93-41A5-A65D-1A2201A0BB9F}.Release|x64.Build.0 = Release|x64
		{A644399B-BA93-41A5-A65D-1A2201A0BB9F}.Release|x86.ActiveCfg = Release|Win32
		{A644399B-BA93-41A5-A65D-1A2201A0BB9F}.Release|x86.Build.0 = Release|Win32
		{53FD74F9-98BE-4417-9538-75A6A034B895}.Debug|Any CPU.ActiveCfg = Debug|x64
		{53FD74F9-98BE-4417-9538-75A6A034B895}.Debug|Any CPU.Build.0 = Debug|x64
		{53FD74F9-98BE-4417-9538-75A6A034B895}.Debug|x64.ActiveCfg = Debug|x64
		{53FD74F9-98BE-4417-9538-75A6A034B895}.Debug|x64.Build.0 = Debug|x64
		{53FD74F9-98BE-4417-9538-75A6A034B895}.Debug|x86.ActiveCfg = Debug|Win32
		{53FD74F9-98BE-4417-9538-75A6A034B895}.Debug|x86.Build.0 = Debug|Win32
		{53FD74F9-98BE-4417-9538-75A6A034B895}.Release|Any CPU.ActiveCfg = Release|x64
		{53FD74F9-98BE-4417-9538-75A6A034B895}.Release|Any CPU.Build.0 = Release|x64
		{53FD74F9-98BE-4417-9538-75A6A034B895}.Release|x64.ActiveCfg = Release|x64
		{53FD74F9-98BE-4417-9538-75A6A034B895}.Release|x64.Build.0 = Release|x64
		{53FD74F9-98BE-4417-9538-75A6A034B895}.Release|x86.ActiveCfg = Release|Win32
		{53FD74F9-98BE-4417-9538-75A6A034B895}.Release|x86.Build.0 = Release|Win32
		{D5242343-4DBA-4C7A-9A56-8B4EAAB43BC6}.Debug|Any CPU.ActiveCfg = Debug|x64
		{D5242343-4DBA-4C7A-9A56-8B4EAAB43BC6}.Debug|Any CPU.Build.0 = Debug|x64
		{D5242343-4DBA-4C7A-9A56-8B4EAAB43BC6}.Debug|x64.ActiveCfg = Debug|x64
		{D5242343-4DBA-4C7A-9A56-8B4EAAB43BC6}.Debug|x64.Build.0 = Debug|x64
		{D5242343-4DBA-4C7A-9A56-8B4EAAB43BC6}.Debug|x86.ActiveCfg = Debug|Win32
		{D5242343-4DBA-4C7A-9A56-8B4EAAB43BC6}.Debug|x86.Build.0 = Debug|Win32
		{D5242343-4DBA-4C7A-9A56-8B4EAAB43BC6}.Release|Any CPU.ActiveCfg = Release|x64
		{D5242343-4DBA-4C7A-9A56-8B4EAAB43BC6}.Release|Any CPU.Build.0 = Release|x64
		{D5242343-4DBA-4C7A-9A56-8B4EAAB43BC6}.Release|x64.ActiveCfg = Release|x64
		{D5242343-4DBA-4C7A-9A56-8B4EAAB43BC6}.Release|x64.Build.0 = Release|x64
		{D5242343-4DBA-4C7A-9A56-8B4EAAB43BC6}.Release|x86.ActiveCfg = Release|Win32
		{D5242343-4DBA-4C7A-9A56-8B4EAAB43BC6}.Release|x86.Build.0 = Release|Win32
		{9B2F0CC0-3CDF-4909-BFFE-4D7B2513BB8A}.Debug|Any CPU.ActiveCfg = Debug|x64
		{9B2F0CC0-3CDF-4909-BFFE-4D7B2513BB8A}.Debug|Any CPU.Build.0 = Debug|x64
		{9B2F0CC0-3CDF-4909-BFFE-4D7B2513BB8A}.Debug|x64.ActiveCfg = Debug|x64
		{9B2F0CC0-3CDF-4909-BFFE-4D7B2513BB8A}.Debug|x64.Build.0 = Debug|x64
		{9B2F0CC0-3CDF-4909-BFFE-4D7B2513BB8A}.Debug|x86.ActiveCfg = Debug|Win32
		{9B2F0CC0-3CDF-4909-BFFE-4D7B2513BB8A}.Debug|x86.Build.0 = Debug|Win32
		{9B2F0CC0-3CDF-4909-BFFE-4D7B2513BB8A}.Release|Any CPU.ActiveCfg = Release|x64
		{9B2F0CC0-3CDF-4909-BFFE-4D7B2513BB8A}.Release|Any CPU.Build.0 = Release|x64
		{9B2F0CC0-3CDF-4909-BFFE-4D7B2513BB8A}.Release|x64.ActiveCfg = Release|x64
		{9B2F0CC0-3CDF-4909-BFFE-4D7B2513BB8A}.Release|x64.Build.0 = Release|x64
		{9B2F0CC0-3CDF-4909-BFFE-4D7B2513BB8A}.Release|x86.ActiveCfg = Release|Win32
		{9B2F0CC0-3CDF-4909-BFFE-4D7B2513BB8A}.Release|x86.Build.0 = Release|Win32
		{05EBFFBD-0374-48AD-8348-32ED9C1FF0B0}.Debug|Any CPU.ActiveCfg = Debug|x64
		{05EBFFBD-0374-48AD-8348-32ED9C1FF0B0}.Debug|Any CPU.Build.0 = Debug|x64
		{05EBFFBD-0374-48AD-8348-32ED9C1FF0B0}.Debug|x64.ActiveCfg = Debug|x64
		{05EBFFBD-0374-48AD-8348-32ED9C1FF0B0}.Debug|x64.Build.0 = Debug|x64
		{05EBFFBD-0374-48AD-8348-32ED9C1FF0B0}.Debug|x86.ActiveCfg = Debug|Win32
		{05EBFFBD-0374-48AD-8348-32ED9C1FF0B0}.Debug|x86.Build.0 = Debug|Win32
		{05EBFFBD-0374-48AD-8348-32ED9C1FF0B0}.Release|Any CPU.ActiveCfg = Release|x64
		{05EBFFBD-0374-48AD-8348-32ED9C1FF0B0}.Release|Any CPU.Build.0 = Release|x64
		{05EBFFBD-0374-48AD-8348-32ED9C1FF0B0}.Release|x64.ActiveCfg = Release|x64
		{05EBFFBD-0374-48AD-8348-32ED9C1FF0B0}.Release|x64.Build.0 = Release|x64
		{05EBFFBD-0374-48AD-8348-32ED9C1FF0B0}.Release|x86.ActiveCfg = Release|Win32
		{05EBFFBD-0374-48AD-8348-32ED9C1FF0B0}.Release|x86.Build.0 = Release|Win32
		{2137793E-1410-4CAE-897B-0B758C383569}.Debug|Any CPU.ActiveCfg = Debug|x64
		{2137793E-1410-4CAE-897B-0B758C383569}.Debug|Any CPU.Build.0 = Debug|x64
		{2137793E-1410-4CAE-897B-0B758C383569}.Debug|x64.ActiveCfg = Debug|x64
		{2137793E-1410-4CAE-897B-0B758C383569}.Debug|x64.Build.0 = Debug|x64
		{2137793E-1410-4CAE-897B-0B758C383569}.Debug|x86.ActiveCfg = Debug|Win32
		{2137793E-1410-4CAE-897B-0B758C383569}.Debug|x86.Build.0 = Debug|Win32
		{2137793E-1410-4CAE-897B-0B758C383569}.Release|Any CPU.ActiveCfg = Release|x64
		{2137793E-1410-4CAE-897B-0B758C383569}.Release|Any CPU.Build.0 = Release|x64
		{2137793E-1410-4CAE-897B-0B758C383569}.Release|x64.ActiveCfg = Release|x64
		{2137793E-1410-4CAE-897B-0B758C383569}.Release|x64.Build.0 = Release|x64
		{2137793E-1410-4CAE-897B-0B758C383569}.Release|x86.ActiveCfg = Release|Win32
		{2137793E-1410-4CAE-897B-0B758C383569}.Release|x86.Build.0 = Release|Win32
		{1606DC75-4343-4CEE-A332-D0F31C8D9921}.Debug|Any CPU.ActiveCfg = Debug|x64
		{1606DC75-4343-4CEE-A332-D0F31C8D9921}.Debug|Any CPU.Build.0 = Debug|x64
		{1606DC75-4343-4CEE-A332-D0F31C8D9921}.Debug|x64.ActiveCfg = Debug|x64
		{1606DC75-4343-4CEE-A332-D0F31C8D9921}.Debug|x64.Build.0 = Debug|x64
		{1606DC75-4343-4CEE-A332-D0F31C8D9921}.Debug|x86.ActiveCfg = Debug|Win32
		{1606DC75-4343-4CEE-A332-D0F31C8D9921}.Debug|x86.Build.0 = Debug|Win32
		{1606DC75-4343-4CEE-A332-D0F31C8D9921}.Release|Any CPU.ActiveCfg = Release|x64
		{1606DC75-4343-4CEE-A332-D0F31C8D9921}.Release|Any CPU.Build.0 = Release|x64
		{1606DC75-4343-4CEE-A332-D0F31C8D9921}.Release|x64.ActiveCfg = Release|x64
		{1606DC75-4343-4CEE-A332-D0F31C8D9921}.Release|x64.Build.0 = Release|x64
		{1606DC75-4343-4CEE-A332-D0F31C8D9921}.Release|x86.ActiveCfg = Release|Win32
		{1606DC75-4343-4CEE-A332-D0F31C8D9921}.Release|x86.Build.0 = Release|Win32
	EndGlobalSection
	GlobalSection(SolutionProperties) = preSolution
		HideSolutionNode = FALSE
	EndGlobalSection
	GlobalSection(ExtensibilityGlobals) = postSolution
		SolutionGuid = {539C5566-F06A-42F5-8116-52845CC3BB61}
	EndGlobalSection
EndGlobal
