
Microsoft Visual Studio Solution File, Format Version 12.00
# Visual Studio Version 17
VisualStudioVersion = 17.3.32922.545
MinimumVisualStudioVersion = 10.0.40219.1
Project("{9A19103F-16F7-4668-BE54-9A1E7A4F7556}") = "2", "2\2.csproj", "{1B24F3AB-BC90-4C6D-AFFC-2124C6CB9A78}"
EndProject
Project("{9A19103F-16F7-4668-BE54-9A1E7A4F7556}") = "3", "3\3.csproj", "{3EC617D6-A066-4D0B-8CC0-259FFB30FDD7}"
EndProject
Project("{9A19103F-16F7-4668-BE54-9A1E7A4F7556}") = "4", "4\4.csproj", "{C9F06458-E3DA-4C72-A23E-CBFBB3F85BDB}"
EndProject
Project("{9A19103F-16F7-4668-BE54-9A1E7A4F7556}") = "5", "5\5.csproj", "{53E74B58-109E-474E-8D7E-2930F8E2FDBF}"
EndProject
Project("{9A19103F-16F7-4668-BE54-9A1E7A4F7556}") = "6", "6\6.csproj", "{80E566EF-7317-4C33-B421-8590050EA2FF}"
EndProject
Project("{9A19103F-16F7-4668-BE54-9A1E7A4F7556}") = "7", "7\7.csproj", "{FF74E9AF-77F3-4BAE-B2DC-1E5D15DF420D}"
EndProject
Project("{9A19103F-16F7-4668-BE54-9A1E7A4F7556}") = "8", "8\8.csproj", "{F999B28D-A544-4103-9C88-682EE6A6327A}"
EndProject
Project("{9A19103F-16F7-4668-BE54-9A1E7A4F7556}") = "9", "9\9.csproj", "{E0A3DB53-D87D-46AF-BF22-691579DD7A07}"
EndProject
Project("{9A19103F-16F7-4668-BE54-9A1E7A4F7556}") = "10", "10\10.csproj", "{B04C47EA-CE45-4D63-B1BF-FD41090EC1F4}"
EndProject
Project("{9A19103F-16F7-4668-BE54-9A1E7A4F7556}") = "11", "11\11.csproj", "{579C20ED-2F97-416E-B898-095A5B58D5B2}"
EndProject
Project("{FAE04EC0-301F-11D3-BF4B-00C04F79EFBC}") = "12(1)", "12(1)\12(1).csproj", "{4D2A30BB-C1CC-4819-8B31-A05FCB43B472}"
EndProject
Global
	GlobalSection(SolutionConfigurationPlatforms) = preSolution
		Debug|Any CPU = Debug|Any CPU
		Release|Any CPU = Release|Any CPU
	EndGlobalSection
	GlobalSection(ProjectConfigurationPlatforms) = postSolution
		{1B24F3AB-BC90-4C6D-AFFC-2124C6CB9A78}.Debug|Any CPU.ActiveCfg = Debug|Any CPU
		{1B24F3AB-BC90-4C6D-AFFC-2124C6CB9A78}.Debug|Any CPU.Build.0 = Debug|Any CPU
		{1B24F3AB-BC90-4C6D-AFFC-2124C6CB9A78}.Release|Any CPU.ActiveCfg = Release|Any CPU
		{1B24F3AB-BC90-4C6D-AFFC-2124C6CB9A78}.Release|Any CPU.Build.0 = Release|Any CPU
		{3EC617D6-A066-4D0B-8CC0-259FFB30FDD7}.Debug|Any CPU.ActiveCfg = Debug|Any CPU
		{3EC617D6-A066-4D0B-8CC0-259FFB30FDD7}.Debug|Any CPU.Build.0 = Debug|Any CPU
		{3EC617D6-A066-4D0B-8CC0-259FFB30FDD7}.Release|Any CPU.ActiveCfg = Release|Any CPU
		{3EC617D6-A066-4D0B-8CC0-259FFB30FDD7}.Release|Any CPU.Build.0 = Release|Any CPU
		{C9F06458-E3DA-4C72-A23E-CBFBB3F85BDB}.Debug|Any CPU.ActiveCfg = Debug|Any CPU
		{C9F06458-E3DA-4C72-A23E-CBFBB3F85BDB}.Debug|Any CPU.Build.0 = Debug|Any CPU
		{C9F06458-E3DA-4C72-A23E-CBFBB3F85BDB}.Release|Any CPU.ActiveCfg = Release|Any CPU
		{C9F06458-E3DA-4C72-A23E-CBFBB3F85BDB}.Release|Any CPU.Build.0 = Release|Any CPU
		{53E74B58-109E-474E-8D7E-2930F8E2FDBF}.Debug|Any CPU.ActiveCfg = Debug|Any CPU
		{53E74B58-109E-474E-8D7E-2930F8E2FDBF}.Debug|Any CPU.Build.0 = Debug|Any CPU
		{53E74B58-109E-474E-8D7E-2930F8E2FDBF}.Release|Any CPU.ActiveCfg = Release|Any CPU
		{53E74B58-109E-474E-8D7E-2930F8E2FDBF}.Release|Any CPU.Build.0 = Release|Any CPU
		{80E566EF-7317-4C33-B421-8590050EA2FF}.Debug|Any CPU.ActiveCfg = Debug|Any CPU
		{80E566EF-7317-4C33-B421-8590050EA2FF}.Debug|Any CPU.Build.0 = Debug|Any CPU
		{80E566EF-7317-4C33-B421-8590050EA2FF}.Release|Any CPU.ActiveCfg = Release|Any CPU
		{80E566EF-7317-4C33-B421-8590050EA2FF}.Release|Any CPU.Build.0 = Release|Any CPU
		{FF74E9AF-77F3-4BAE-B2DC-1E5D15DF420D}.Debug|Any CPU.ActiveCfg = Debug|Any CPU
		{FF74E9AF-77F3-4BAE-B2DC-1E5D15DF420D}.Debug|Any CPU.Build.0 = Debug|Any CPU
		{FF74E9AF-77F3-4BAE-B2DC-1E5D15DF420D}.Release|Any CPU.ActiveCfg = Release|Any CPU
		{FF74E9AF-77F3-4BAE-B2DC-1E5D15DF420D}.Release|Any CPU.Build.0 = Release|Any CPU
		{F999B28D-A544-4103-9C88-682EE6A6327A}.Debug|Any CPU.ActiveCfg = Debug|Any CPU
		{F999B28D-A544-4103-9C88-682EE6A6327A}.Debug|Any CPU.Build.0 = Debug|Any CPU
		{F999B28D-A544-4103-9C88-682EE6A6327A}.Release|Any CPU.ActiveCfg = Release|Any CPU
		{F999B28D-A544-4103-9C88-682EE6A6327A}.Release|Any CPU.Build.0 = Release|Any CPU
		{E0A3DB53-D87D-46AF-BF22-691579DD7A07}.Debug|Any CPU.ActiveCfg = Debug|Any CPU
		{E0A3DB53-D87D-46AF-BF22-691579DD7A07}.Debug|Any CPU.Build.0 = Debug|Any CPU
		{E0A3DB53-D87D-46AF-BF22-691579DD7A07}.Release|Any CPU.ActiveCfg = Release|Any CPU
		{E0A3DB53-D87D-46AF-BF22-691579DD7A07}.Release|Any CPU.Build.0 = Release|Any CPU
		{B04C47EA-CE45-4D63-B1BF-FD41090EC1F4}.Debug|Any CPU.ActiveCfg = Debug|Any CPU
		{B04C47EA-CE45-4D63-B1BF-FD41090EC1F4}.Debug|Any CPU.Build.0 = Debug|Any CPU
		{B04C47EA-CE45-4D63-B1BF-FD41090EC1F4}.Release|Any CPU.ActiveCfg = Release|Any CPU
		{B04C47EA-CE45-4D63-B1BF-FD41090EC1F4}.Release|Any CPU.Build.0 = Release|Any CPU
		{579C20ED-2F97-416E-B898-095A5B58D5B2}.Debug|Any CPU.ActiveCfg = Debug|Any CPU
		{579C20ED-2F97-416E-B898-095A5B58D5B2}.Debug|Any CPU.Build.0 = Debug|Any CPU
		{579C20ED-2F97-416E-B898-095A5B58D5B2}.Release|Any CPU.ActiveCfg = Release|Any CPU
		{579C20ED-2F97-416E-B898-095A5B58D5B2}.Release|Any CPU.Build.0 = Release|Any CPU
		{4D2A30BB-C1CC-4819-8B31-A05FCB43B472}.Debug|Any CPU.ActiveCfg = Debug|Any CPU
		{4D2A30BB-C1CC-4819-8B31-A05FCB43B472}.Debug|Any CPU.Build.0 = Debug|Any CPU
		{4D2A30BB-C1CC-4819-8B31-A05FCB43B472}.Release|Any CPU.ActiveCfg = Release|Any CPU
		{4D2A30BB-C1CC-4819-8B31-A05FCB43B472}.Release|Any CPU.Build.0 = Release|Any CPU
	EndGlobalSection
	GlobalSection(SolutionProperties) = preSolution
		HideSolutionNode = FALSE
	EndGlobalSection
	GlobalSection(ExtensibilityGlobals) = postSolution
		SolutionGuid = {9C0300A6-1BAF-489A-A8C1-81797F0F5D89}
	EndGlobalSection
EndGlobal
